
Microsoft Visual Studio Solution File, Format Version 12.00
# Visual Studio Version 16
VisualStudioVersion = 16.0.30907.101
MinimumVisualStudioVersion = 10.0.40219.1
Project("{FAE04EC0-301F-11D3-BF4B-00C04F79EFBC}") = "6225assignment1", "6225assignment1.csproj", "{9E167BF6-6171-4A3D-BB88-66844AFA7147}"
EndProject
Global
	GlobalSection(SolutionConfigurationPlatforms) = preSolution
		Debug|Any CPU = Debug|Any CPU
		Release|Any CPU = Release|Any CPU
	EndGlobalSection
	GlobalSection(ProjectConfigurationPlatforms) = postSolution
		{9E167BF6-6171-4A3D-BB88-66844AFA7147}.Debug|Any CPU.ActiveCfg = Debug|Any CPU
		{9E167BF6-6171-4A3D-BB88-66844AFA7147}.Debug|Any CPU.Build.0 = Debug|Any CPU
		{9E167BF6-6171-4A3D-BB88-66844AFA7147}.Release|Any CPU.ActiveCfg = Release|Any CPU
		{9E167BF6-6171-4A3D-BB88-66844AFA7147}.Release|Any CPU.Build.0 = Release|Any CPU
	EndGlobalSection
	GlobalSection(SolutionProperties) = preSolution
		HideSolutionNode = FALSE
	EndGlobalSection
	GlobalSection(ExtensibilityGlobals) = postSolution
		SolutionGuid = {FFA96ADC-7043-4F5E-89F1-C5186CDEEBF6}
	EndGlobalSection
EndGlobal
